
Microsoft Visual Studio Solution File, Format Version 12.00
# Visual Studio Version 16
VisualStudioVersion = 16.0.29521.150
MinimumVisualStudioVersion = 10.0.40219.1
Project("{FAE04EC0-301F-11D3-BF4B-00C04F79EFBC}") = "Alternating Line Color Visual Studio 2019", "Alternating Line Color Visual Studio 2019\Alternating Line Color Visual Studio 2019.csproj", "{063C97CE-C39B-4476-B302-089B91BEE0AF}"
EndProject
Global
	GlobalSection(SolutionConfigurationPlatforms) = preSolution
		Debug|Any CPU = Debug|Any CPU
		Release|Any CPU = Release|Any CPU
	EndGlobalSection
	GlobalSection(ProjectConfigurationPlatforms) = postSolution
		{063C97CE-C39B-4476-B302-089B91BEE0AF}.Debug|Any CPU.ActiveCfg = Debug|Any CPU
		{063C97CE-C39B-4476-B302-089B91BEE0AF}.Debug|Any CPU.Build.0 = Debug|Any CPU
		{063C97CE-C39B-4476-B302-089B91BEE0AF}.Release|Any CPU.ActiveCfg = Release|Any CPU
		{063C97CE-C39B-4476-B302-089B91BEE0AF}.Release|Any CPU.Build.0 = Release|Any CPU
	EndGlobalSection
	GlobalSection(SolutionProperties) = preSolution
		HideSolutionNode = FALSE
	EndGlobalSection
	GlobalSection(ExtensibilityGlobals) = postSolution
		SolutionGuid = {BEC1E45E-71D8-4DBE-82A7-8A71DA13B992}
	EndGlobalSection
EndGlobal
